// !$*UTF8*$!
{
	archiveVersion = 1;
	classes = {
	};
	objectVersion = 46;
	objects = {

/* Begin PBXBuildFile section */
		BBA076D61DD798C5004F0D3A /* AppDelegate.swift in Sources */ = {isa = PBXBuildFile; fileRef = BBA076D51DD798C5004F0D3A /* AppDelegate.swift */; };
		BBA076D81DD798C5004F0D3A /* ViewController.swift in Sources */ = {isa = PBXBuildFile; fileRef = BBA076D71DD798C5004F0D3A /* ViewController.swift */; };
		BBA076DB1DD798C5004F0D3A /* Main.storyboard in Resources */ = {isa = PBXBuildFile; fileRef = BBA076D91DD798C5004F0D3A /* Main.storyboard */; };
		BBA076DD1DD798C5004F0D3A /* Assets.xcassets in Resources */ = {isa = PBXBuildFile; fileRef = BBA076DC1DD798C5004F0D3A /* Assets.xcassets */; };
		BBA076E01DD798C5004F0D3A /* LaunchScreen.storyboard in Resources */ = {isa = PBXBuildFile; fileRef = BBA076DE1DD798C5004F0D3A /* LaunchScreen.storyboard */; };
		BBA076EA1DD79974004F0D3A /* HealthKit.framework in Frameworks */ = {isa = PBXBuildFile; fileRef = BBA076E91DD79974004F0D3A /* HealthKit.framework */; };
		BBA076EC1DD7A2F3004F0D3A /* TypesToImport.plist in Resources */ = {isa = PBXBuildFile; fileRef = BBA076EB1DD7A2F3004F0D3A /* TypesToImport.plist */; };
		BBF063A31DD8E1EA004523D8 /* HealthSaveOperation.swift in Sources */ = {isa = PBXBuildFile; fileRef = BBF063A21DD8E1E9004523D8 /* HealthSaveOperation.swift */; };
		BBF063A51DD8ED8F004523D8 /* RequestPermissions.swift in Sources */ = {isa = PBXBuildFile; fileRef = BBF063A41DD8ED8E004523D8 /* RequestPermissions.swift */; };
/* End PBXBuildFile section */

/* Begin PBXFileReference section */
		BBA076D21DD798C5004F0D3A /* Apple Health Export.app */ = {isa = PBXFileReference; explicitFileType = wrapper.application; includeInIndex = 0; path = "Apple Health Export.app"; sourceTree = BUILT_PRODUCTS_DIR; };
		BBA076D51DD798C5004F0D3A /* AppDelegate.swift */ = {isa = PBXFileReference; lastKnownFileType = sourcecode.swift; path = AppDelegate.swift; sourceTree = "<group>"; };
		BBA076D71DD798C5004F0D3A /* ViewController.swift */ = {isa = PBXFileReference; lastKnownFileType = sourcecode.swift; path = ViewController.swift; sourceTree = "<group>"; };
		BBA076DA1DD798C5004F0D3A /* Base */ = {isa = PBXFileReference; lastKnownFileType = file.storyboard; name = Base; path = Base.lproj/Main.storyboard; sourceTree = "<group>"; };
		BBA076DC1DD798C5004F0D3A /* Assets.xcassets */ = {isa = PBXFileReference; lastKnownFileType = folder.assetcatalog; path = Assets.xcassets; sourceTree = "<group>"; };
		BBA076DF1DD798C5004F0D3A /* Base */ = {isa = PBXFileReference; lastKnownFileType = file.storyboard; name = Base; path = Base.lproj/LaunchScreen.storyboard; sourceTree = "<group>"; };
		BBA076E11DD798C5004F0D3A /* Info.plist */ = {isa = PBXFileReference; lastKnownFileType = text.plist.xml; path = Info.plist; sourceTree = "<group>"; };
		BBA076E71DD79974004F0D3A /* Apple Health Export.entitlements */ = {isa = PBXFileReference; lastKnownFileType = text.plist.entitlements; path = "Apple Health Export.entitlements"; sourceTree = "<group>"; };
		BBA076E91DD79974004F0D3A /* HealthKit.framework */ = {isa = PBXFileReference; lastKnownFileType = wrapper.framework; name = HealthKit.framework; path = System/Library/Frameworks/HealthKit.framework; sourceTree = SDKROOT; };
		BBA076EB1DD7A2F3004F0D3A /* TypesToImport.plist */ = {isa = PBXFileReference; fileEncoding = 4; lastKnownFileType = text.plist.xml; path = TypesToImport.plist; sourceTree = "<group>"; };
		BBF063A21DD8E1E9004523D8 /* HealthSaveOperation.swift */ = {isa = PBXFileReference; fileEncoding = 4; lastKnownFileType = sourcecode.swift; path = HealthSaveOperation.swift; sourceTree = "<group>"; };
		BBF063A41DD8ED8E004523D8 /* RequestPermissions.swift */ = {isa = PBXFileReference; fileEncoding = 4; lastKnownFileType = sourcecode.swift; path = RequestPermissions.swift; sourceTree = "<group>"; };
/* End PBXFileReference section */

/* Begin PBXFrameworksBuildPhase section */
		BBA076CF1DD798C5004F0D3A /* Frameworks */ = {
			isa = PBXFrameworksBuildPhase;
			buildActionMask = 2147483647;
			files = (
				BBA076EA1DD79974004F0D3A /* HealthKit.framework in Frameworks */,
			);
			runOnlyForDeploymentPostprocessing = 0;
		};
/* End PBXFrameworksBuildPhase section */

/* Begin PBXGroup section */
		BBA076C91DD798C5004F0D3A = {
			isa = PBXGroup;
			children = (
				BBA076D41DD798C5004F0D3A /* Apple Health Export */,
				BBA076D31DD798C5004F0D3A /* Products */,
				BBA076E81DD79974004F0D3A /* Frameworks */,
			);
			sourceTree = "<group>";
		};
		BBA076D31DD798C5004F0D3A /* Products */ = {
			isa = PBXGroup;
			children = (
				BBA076D21DD798C5004F0D3A /* Apple Health Export.app */,
			);
			name = Products;
			sourceTree = "<group>";
		};
		BBA076D41DD798C5004F0D3A /* Apple Health Export */ = {
			isa = PBXGroup;
			children = (
				BBA076E71DD79974004F0D3A /* Apple Health Export.entitlements */,
				BBA076D51DD798C5004F0D3A /* AppDelegate.swift */,
				BBA076D71DD798C5004F0D3A /* ViewController.swift */,
				BBF063A21DD8E1E9004523D8 /* HealthSaveOperation.swift */,
				BBF063A41DD8ED8E004523D8 /* RequestPermissions.swift */,
				BBA076D91DD798C5004F0D3A /* Main.storyboard */,
				BBA076DC1DD798C5004F0D3A /* Assets.xcassets */,
				BBA076DE1DD798C5004F0D3A /* LaunchScreen.storyboard */,
				BBA076E11DD798C5004F0D3A /* Info.plist */,
				BBA076EB1DD7A2F3004F0D3A /* TypesToImport.plist */,
			);
			path = "Apple Health Export";
			sourceTree = "<group>";
		};
		BBA076E81DD79974004F0D3A /* Frameworks */ = {
			isa = PBXGroup;
			children = (
				BBA076E91DD79974004F0D3A /* HealthKit.framework */,
			);
			name = Frameworks;
			sourceTree = "<group>";
		};
/* End PBXGroup section */

/* Begin PBXNativeTarget section */
		BBA076D11DD798C5004F0D3A /* Apple Health Export */ = {
			isa = PBXNativeTarget;
			buildConfigurationList = BBA076E41DD798C5004F0D3A /* Build configuration list for PBXNativeTarget "Apple Health Export" */;
			buildPhases = (
				BBA076CE1DD798C5004F0D3A /* Sources */,
				BBA076CF1DD798C5004F0D3A /* Frameworks */,
				BBA076D01DD798C5004F0D3A /* Resources */,
			);
			buildRules = (
			);
			dependencies = (
			);
			name = "Apple Health Export";
			productName = "Apple Health Export";
			productReference = BBA076D21DD798C5004F0D3A /* Apple Health Export.app */;
			productType = "com.apple.product-type.application";
		};
/* End PBXNativeTarget section */

/* Begin PBXProject section */
		BBA076CA1DD798C5004F0D3A /* Project object */ = {
			isa = PBXProject;
			attributes = {
				LastSwiftUpdateCheck = 0810;
				LastUpgradeCheck = 0810;
				ORGANIZATIONNAME = "Andrew Lazarev";
				TargetAttributes = {
					BBA076D11DD798C5004F0D3A = {
						CreatedOnToolsVersion = 8.1;
						DevelopmentTeam = MMPP2NZU96;
						ProvisioningStyle = Automatic;
						SystemCapabilities = {
							com.apple.HealthKit = {
								enabled = 1;
							};
						};
					};
				};
			};
			buildConfigurationList = BBA076CD1DD798C5004F0D3A /* Build configuration list for PBXProject "Apple Health Export" */;
			compatibilityVersion = "Xcode 3.2";
			developmentRegion = English;
			hasScannedForEncodings = 0;
			knownRegions = (
				en,
				Base,
			);
			mainGroup = BBA076C91DD798C5004F0D3A;
			productRefGroup = BBA076D31DD798C5004F0D3A /* Products */;
			projectDirPath = "";
			projectRoot = "";
			targets = (
				BBA076D11DD798C5004F0D3A /* Apple Health Export */,
			);
		};
/* End PBXProject section */

/* Begin PBXResourcesBuildPhase section */
		BBA076D01DD798C5004F0D3A /* Resources */ = {
			isa = PBXResourcesBuildPhase;
			buildActionMask = 2147483647;
			files = (
				BBA076E01DD798C5004F0D3A /* LaunchScreen.storyboard in Resources */,
				BBA076DD1DD798C5004F0D3A /* Assets.xcassets in Resources */,
				BBA076EC1DD7A2F3004F0D3A /* TypesToImport.plist in Resources */,
				BBA076DB1DD798C5004F0D3A /* Main.storyboard in Resources */,
			);
			runOnlyForDeploymentPostprocessing = 0;
		};
/* End PBXResourcesBuildPhase section */

/* Begin PBXSourcesBuildPhase section */
		BBA076CE1DD798C5004F0D3A /* Sources */ = {
			isa = PBXSourcesBuildPhase;
			buildActionMask = 2147483647;
			files = (
				BBF063A51DD8ED8F004523D8 /* RequestPermissions.swift in Sources */,
				BBF063A31DD8E1EA004523D8 /* HealthSaveOperation.swift in Sources */,
				BBA076D81DD798C5004F0D3A /* ViewController.swift in Sources */,
				BBA076D61DD798C5004F0D3A /* AppDelegate.swift in Sources */,
			);
			runOnlyForDeploymentPostprocessing = 0;
		};
/* End PBXSourcesBuildPhase section */

/* Begin PBXVariantGroup section */
		BBA076D91DD798C5004F0D3A /* Main.storyboard */ = {
			isa = PBXVariantGroup;
			children = (
				BBA076DA1DD798C5004F0D3A /* Base */,
			);
			name = Main.storyboard;
			sourceTree = "<group>";
		};
		BBA076DE1DD798C5004F0D3A /* LaunchScreen.storyboard */ = {
			isa = PBXVariantGroup;
			children = (
				BBA076DF1DD798C5004F0D3A /* Base */,
			);
			name = LaunchScreen.storyboard;
			sourceTree = "<group>";
		};
/* End PBXVariantGroup section */

/* Begin XCBuildConfiguration section */
		BBA076E21DD798C5004F0D3A /* Debug */ = {
			isa = XCBuildConfiguration;
			buildSettings = {
				ALWAYS_SEARCH_USER_PATHS = NO;
				CLANG_ANALYZER_NONNULL = YES;
				CLANG_CXX_LANGUAGE_STANDARD = "gnu++0x";
				CLANG_CXX_LIBRARY = "libc++";
				CLANG_ENABLE_MODULES = YES;
				CLANG_ENABLE_OBJC_ARC = YES;
				CLANG_WARN_BOOL_CONVERSION = YES;
				CLANG_WARN_CONSTANT_CONVERSION = YES;
				CLANG_WARN_DIRECT_OBJC_ISA_USAGE = YES_ERROR;
				CLANG_WARN_DOCUMENTATION_COMMENTS = YES;
				CLANG_WARN_EMPTY_BODY = YES;
				CLANG_WARN_ENUM_CONVERSION = YES;
				CLANG_WARN_INFINITE_RECURSION = YES;
				CLANG_WARN_INT_CONVERSION = YES;
				CLANG_WARN_OBJC_ROOT_CLASS = YES_ERROR;
				CLANG_WARN_SUSPICIOUS_MOVES = YES;
				CLANG_WARN_UNREACHABLE_CODE = YES;
				CLANG_WARN__DUPLICATE_METHOD_MATCH = YES;
				"CODE_SIGN_IDENTITY[sdk=iphoneos*]" = "iPhone Developer";
				COPY_PHASE_STRIP = NO;
				DEBUG_INFORMATION_FORMAT = dwarf;
				ENABLE_STRICT_OBJC_MSGSEND = YES;
				ENABLE_TESTABILITY = YES;
				GCC_C_LANGUAGE_STANDARD = gnu99;
				GCC_DYNAMIC_NO_PIC = NO;
				GCC_NO_COMMON_BLOCKS = YES;
				GCC_OPTIMIZATION_LEVEL = 0;
				GCC_PREPROCESSOR_DEFINITIONS = (
					"DEBUG=1",
					"$(inherited)",
				);
				GCC_WARN_64_TO_32_BIT_CONVERSION = YES;
				GCC_WARN_ABOUT_RETURN_TYPE = YES_ERROR;
				GCC_WARN_UNDECLARED_SELECTOR = YES;
				GCC_WARN_UNINITIALIZED_AUTOS = YES_AGGRESSIVE;
				GCC_WARN_UNUSED_FUNCTION = YES;
				GCC_WARN_UNUSED_VARIABLE = YES;
				IPHONEOS_DEPLOYMENT_TARGET = 10.1;
				MTL_ENABLE_DEBUG_INFO = YES;
				ONLY_ACTIVE_ARCH = YES;
				SDKROOT = iphoneos;
				SWIFT_ACTIVE_COMPILATION_CONDITIONS = DEBUG;
				SWIFT_OPTIMIZATION_LEVEL = "-Onone";
			};
			name = Debug;
		};
		BBA076E31DD798C5004F0D3A /* Release */ = {
			isa = XCBuildConfiguration;
			buildSettings = {
				ALWAYS_SEARCH_USER_PATHS = NO;
				CLANG_ANALYZER_NONNULL = YES;
				CLANG_CXX_LANGUAGE_STANDARD = "gnu++0x";
				CLANG_CXX_LIBRARY = "libc++";
				CLANG_ENABLE_MODULES = YES;
				CLANG_ENABLE_OBJC_ARC = YES;
				CLANG_WARN_BOOL_CONVERSION = YES;
				CLANG_WARN_CONSTANT_CONVERSION = YES;
				CLANG_WARN_DIRECT_OBJC_ISA_USAGE = YES_ERROR;
				CLANG_WARN_DOCUMENTATION_COMMENTS = YES;
				CLANG_WARN_EMPTY_BODY = YES;
				CLANG_WARN_ENUM_CONVERSION = YES;
				CLANG_WARN_INFINITE_RECURSION = YES;
				CLANG_WARN_INT_CONVERSION = YES;
				CLANG_WARN_OBJC_ROOT_CLASS = YES_ERROR;
				CLANG_WARN_SUSPICIOUS_MOVES = YES;
				CLANG_WARN_UNREACHABLE_CODE = YES;
				CLANG_WARN__DUPLICATE_METHOD_MATCH = YES;
				"CODE_SIGN_IDENTITY[sdk=iphoneos*]" = "iPhone Developer";
				COPY_PHASE_STRIP = NO;
				DEBUG_INFORMATION_FORMAT = "dwarf-with-dsym";
				ENABLE_NS_ASSERTIONS = NO;
				ENABLE_STRICT_OBJC_MSGSEND = YES;
				GCC_C_LANGUAGE_STANDARD = gnu99;
				GCC_NO_COMMON_BLOCKS = YES;
				GCC_WARN_64_TO_32_BIT_CONVERSION = YES;
				GCC_WARN_ABOUT_RETURN_TYPE = YES_ERROR;
				GCC_WARN_UNDECLARED_SELECTOR = YES;
				GCC_WARN_UNINITIALIZED_AUTOS = YES_AGGRESSIVE;
				GCC_WARN_UNUSED_FUNCTION = YES;
				GCC_WARN_UNUSED_VARIABLE = YES;
				IPHONEOS_DEPLOYMENT_TARGET = 10.1;
				MTL_ENABLE_DEBUG_INFO = NO;
				SDKROOT = iphoneos;
				SWIFT_OPTIMIZATION_LEVEL = "-Owholemodule";
				VALIDATE_PRODUCT = YES;
			};
			name = Release;
		};
		BBA076E51DD798C5004F0D3A /* Debug */ = {
			isa = XCBuildConfiguration;
			buildSettings = {
				ASSETCATALOG_COMPILER_APPICON_NAME = AppIcon;
				CODE_SIGN_ENTITLEMENTS = "Apple Health Export/Apple Health Export.entitlements";
				DEVELOPMENT_TEAM = MMPP2NZU96;
				INFOPLIST_FILE = "Apple Health Export/Info.plist";
				LD_RUNPATH_SEARCH_PATHS = "$(inherited) @executable_path/Frameworks";
				PRODUCT_BUNDLE_IDENTIFIER = "com.welltory.Apple-Health-Export";
				PRODUCT_NAME = "$(TARGET_NAME)";
				SWIFT_VERSION = 3.0;
			};
			name = Debug;
		};
		BBA076E61DD798C5004F0D3A /* Release */ = {
			isa = XCBuildConfiguration;
			buildSettings = {
				ASSETCATALOG_COMPILER_APPICON_NAME = AppIcon;
				CODE_SIGN_ENTITLEMENTS = "Apple Health Export/Apple Health Export.entitlements";
				DEVELOPMENT_TEAM = MMPP2NZU96;
				INFOPLIST_FILE = "Apple Health Export/Info.plist";
				LD_RUNPATH_SEARCH_PATHS = "$(inherited) @executable_path/Frameworks";
				PRODUCT_BUNDLE_IDENTIFIER = "com.welltory.Apple-Health-Export";
				PRODUCT_NAME = "$(TARGET_NAME)";
				SWIFT_VERSION = 3.0;
			};
			name = Release;
		};
/* End XCBuildConfiguration section */

/* Begin XCConfigurationList section */
		BBA076CD1DD798C5004F0D3A /* Build configuration list for PBXProject "Apple Health Export" */ = {
			isa = XCConfigurationList;
			buildConfigurations = (
				BBA076E21DD798C5004F0D3A /* Debug */,
				BBA076E31DD798C5004F0D3A /* Release */,
			);
			defaultConfigurationIsVisible = 0;
			defaultConfigurationName = Release;
		};
		BBA076E41DD798C5004F0D3A /* Build configuration list for PBXNativeTarget "Apple Health Export" */ = {
			isa = XCConfigurationList;
			buildConfigurations = (
				BBA076E51DD798C5004F0D3A /* Debug */,
				BBA076E61DD798C5004F0D3A /* Release */,
			);
			defaultConfigurationIsVisible = 0;
			defaultConfigurationName = Release;
		};
/* End XCConfigurationList section */
	};
	rootObject = BBA076CA1DD798C5004F0D3A /* Project object */;
}
